{
  "nodes": {
    "FixCursorHold": {
      "flake": false,
      "locked": {
        "lastModified": 1676287387,
        "narHash": "sha256-HwaKkwANoNHe512eDvuOJ48tG8nDh7r67magi8OA/Vw=",
        "owner": "antoinemadec",
        "repo": "FixCursorHold.nvim",
        "rev": "1900f89dc17c603eec29960f57c00bd9ae696495",
        "type": "github"
      },
      "original": {
        "owner": "antoinemadec",
        "repo": "FixCursorHold.nvim",
        "type": "github"
      }
    },
    "catppuccin-theme": {
      "flake": false,
      "locked": {
        "lastModified": 1764084803,
        "narHash": "sha256-ds+Rm9H00s++RC1dH4OQpCg1FXSm4HuwDGzr4ah0YBU=",
        "owner": "catppuccin",
        "repo": "nvim",
        "rev": "ce4a8e0d5267e67056f9f4dcf6cb1d0933c8ca00",
        "type": "github"
      },
      "original": {
        "owner": "catppuccin",
        "repo": "nvim",
        "type": "github"
      }
    },
    "gitsigns": {
      "flake": false,
      "locked": {
        "lastModified": 1763280728,
        "narHash": "sha256-w2/osNJwbtmUxxQIXBsyqMYrvyNUaVzXrUNGYqGmzi4=",
        "owner": "lewis6991",
        "repo": "gitsigns.nvim",
        "rev": "cdafc320f03f2572c40ab93a4eecb733d4016d07",
        "type": "github"
      },
      "original": {
        "owner": "lewis6991",
        "repo": "gitsigns.nvim",
        "type": "github"
      }
    },
    "glow": {
      "flake": false,
      "locked": {
        "lastModified": 1742597358,
        "narHash": "sha256-CvBcmVWBgI+m+PS7p7PmsiPtTEfqx2kpIzz4mImONIc=",
        "owner": "ellisonleao",
        "repo": "glow.nvim",
        "rev": "5d5954b2f22e109d4a6eba8b2618c5b96e4ee7a2",
        "type": "github"
      },
      "original": {
        "owner": "ellisonleao",
        "repo": "glow.nvim",
        "type": "github"
      }
    },
    "indent-blankline": {
      "flake": false,
      "locked": {
        "lastModified": 1742224677,
        "narHash": "sha256-0q/V+b4UrDRnaC/eRWOi9HU9a61vQSAM9/C8ZQyKt+Y=",
        "owner": "lukas-reineke",
        "repo": "indent-blankline.nvim",
        "rev": "005b56001b2cb30bfa61b7986bc50657816ba4ba",
        "type": "github"
      },
      "original": {
        "owner": "lukas-reineke",
        "repo": "indent-blankline.nvim",
        "type": "github"
      }
    },
    "lsp_lines": {
      "flake": false,
      "locked": {
        "lastModified": 1734793049,
        "narHash": "sha256-jHiIZemneQACTDYZXBJqX2/PRTBoxq403ILvt1Ej1ZM=",
        "ref": "refs/heads/main",
        "rev": "a92c755f182b89ea91bd8a6a2227208026f27b4d",
        "revCount": 56,
        "type": "git",
        "url": "https://git.sr.ht/~whynothugo/lsp_lines.nvim"
      },
      "original": {
        "type": "git",
        "url": "https://git.sr.ht/~whynothugo/lsp_lines.nvim"
      }
    },
    "neotest": {
      "flake": false,
      "locked": {
        "lastModified": 1762592165,
        "narHash": "sha256-0C4CWTHXXsC/dbZvW5KT+oNXX07rweh2Nem385hwLmI=",
        "owner": "nvim-neotest",
        "repo": "neotest",
        "rev": "deadfb1af5ce458742671ad3a013acb9a6b41178",
        "type": "github"
      },
      "original": {
        "owner": "nvim-neotest",
        "repo": "neotest",
        "type": "github"
      }
    },
    "neotest-go": {
      "flake": false,
      "locked": {
        "lastModified": 1761927164,
        "narHash": "sha256-btvAwNck/MAS0Xv2NzmPEYLuBb50DEiMjbkW3E7tg3I=",
        "owner": "nvim-neotest",
        "repo": "neotest-go",
        "rev": "59b50505053f9c45a9febb79e11a56206c3e3901",
        "type": "github"
      },
      "original": {
        "owner": "nvim-neotest",
        "repo": "neotest-go",
        "type": "github"
      }
    },
    "nightfox-theme": {
      "flake": false,
      "locked": {
        "lastModified": 1739121671,
        "narHash": "sha256-HoZEwncrUnypWxyB+XR0UQDv+tNu1/NbvimxYGb7qu8=",
        "owner": "EdenEast",
        "repo": "nightfox.nvim",
        "rev": "ba47d4b4c5ec308718641ba7402c143836f35aa9",
        "type": "github"
      },
      "original": {
        "owner": "EdenEast",
        "repo": "nightfox.nvim",
        "type": "github"
      }
    },
    "nixpkgs": {
      "locked": {
        "lastModified": 1763948260,
        "narHash": "sha256-dY9qLD0H0zOUgU3vWacPY6Qc421BeQAfm8kBuBtPVE0=",
        "owner": "NixOS",
        "repo": "nixpkgs",
        "rev": "1c8ba8d3f7634acac4a2094eef7c32ad9106532c",
        "type": "github"
      },
      "original": {
        "owner": "NixOS",
        "ref": "nixos-25.05",
        "repo": "nixpkgs",
        "type": "github"
      }
    },
    "nvim-autopairs": {
      "flake": false,
      "locked": {
        "lastModified": 1760305946,
        "narHash": "sha256-cRIg1qO3WMxzcDQti0GEJl77KnlRCqyBN+g76PviWt0=",
        "owner": "windwp",
        "repo": "nvim-autopairs",
        "rev": "7a2c97cccd60abc559344042fefb1d5a85b3e33b",
        "type": "github"
      },
      "original": {
        "owner": "windwp",
        "repo": "nvim-autopairs",
        "type": "github"
      }
    },
    "nvim-coverage": {
      "flake": false,
      "locked": {
        "lastModified": 1734536577,
        "narHash": "sha256-JQZTXahU3CMXUYZ2Sl09RO7pvvW2X3C/pco62CMfUmw=",
        "owner": "andythigpen",
        "repo": "nvim-coverage",
        "rev": "a939e425e363319d952a6c35fb3f38b34041ded2",
        "type": "github"
      },
      "original": {
        "owner": "andythigpen",
        "repo": "nvim-coverage",
        "type": "github"
      }
    },
    "nvim-goc": {
      "flake": false,
      "locked": {
        "lastModified": 1763082620,
        "narHash": "sha256-efZC9l8Ydj7NJen/hhTF8tZ1/JnbVUeAoF6Jkl1mCeY=",
        "owner": "rafaelsq",
        "repo": "nvim-goc.lua",
        "rev": "76612147223ef92c6bb2905c4228b7d5617baefd",
        "type": "github"
      },
      "original": {
        "owner": "rafaelsq",
        "repo": "nvim-goc.lua",
        "type": "github"
      }
    },
    "nvim-lspconfig": {
      "flake": false,
      "locked": {
        "lastModified": 1764113062,
        "narHash": "sha256-sUhllAd4QCVwoz6hTuO4xuCz9sNZgmYmSoYRkRPKbsI=",
        "owner": "neovim",
        "repo": "nvim-lspconfig",
        "rev": "80551312fa247ea1e1b854ca1a822a9a9267f097",
        "type": "github"
      },
      "original": {
        "owner": "neovim",
        "repo": "nvim-lspconfig",
        "type": "github"
      }
    },
    "nvim-tree": {
      "flake": false,
      "locked": {
        "lastModified": 1763712665,
        "narHash": "sha256-YwaWMPQ3IC+z/utnkZ1Tfs5tZFex9Gdf/vS9sUaMDCA=",
        "owner": "nvim-tree",
        "repo": "nvim-tree.lua",
        "rev": "3fb91e18a727ecc0385637895ec397dea90be42a",
        "type": "github"
      },
      "original": {
        "owner": "nvim-tree",
        "repo": "nvim-tree.lua",
        "type": "github"
      }
    },
    "nvim-treesitter": {
      "flake": false,
      "locked": {
        "lastModified": 1748094813,
        "narHash": "sha256-CVs9FTdg3oKtRjz2YqwkMr0W5qYLGfVyxyhE3qnGYbI=",
        "owner": "nvim-treesitter",
        "repo": "nvim-treesitter",
        "rev": "42fc28ba918343ebfd5565147a42a26580579482",
        "type": "github"
      },
      "original": {
        "owner": "nvim-treesitter",
        "repo": "nvim-treesitter",
        "type": "github"
      }
    },
    "nvim-web-devicons": {
      "flake": false,
      "locked": {
        "lastModified": 1761440007,
        "narHash": "sha256-klBjUtj0AvarN5a6O8Hh2t5BuOTe/m3ps2cHnlxVJvE=",
        "owner": "nvim-tree",
        "repo": "nvim-web-devicons",
        "rev": "8dcb311b0c92d460fac00eac706abd43d94d68af",
        "type": "github"
      },
      "original": {
        "owner": "nvim-tree",
        "repo": "nvim-web-devicons",
        "type": "github"
      }
    },
    "playground": {
      "flake": false,
      "locked": {
        "lastModified": 1694797903,
        "narHash": "sha256-gOQr61Y3bVa6EAb0P924X9SJmg9lOmGiLcFTMdgu8u0=",
        "owner": "nvim-treesitter",
        "repo": "playground",
        "rev": "ba48c6a62a280eefb7c85725b0915e021a1a0749",
        "type": "github"
      },
      "original": {
        "owner": "nvim-treesitter",
        "repo": "playground",
        "type": "github"
      }
    },
    "plenary": {
      "flake": false,
      "locked": {
        "lastModified": 1753570668,
        "narHash": "sha256-9Un7ekhBxcnmFE1xjCCFTZ7eqIbmXvQexpnhduAg4M0=",
        "owner": "nvim-lua",
        "repo": "plenary.nvim",
        "rev": "b9fd5226c2f76c951fc8ed5923d85e4de065e509",
        "type": "github"
      },
      "original": {
        "owner": "nvim-lua",
        "repo": "plenary.nvim",
        "type": "github"
      }
    },
    "root": {
      "inputs": {
        "FixCursorHold": "FixCursorHold",
        "catppuccin-theme": "catppuccin-theme",
        "gitsigns": "gitsigns",
        "glow": "glow",
        "indent-blankline": "indent-blankline",
        "lsp_lines": "lsp_lines",
        "neotest": "neotest",
        "neotest-go": "neotest-go",
        "nightfox-theme": "nightfox-theme",
        "nixpkgs": "nixpkgs",
        "nvim-autopairs": "nvim-autopairs",
        "nvim-coverage": "nvim-coverage",
        "nvim-goc": "nvim-goc",
        "nvim-lspconfig": "nvim-lspconfig",
        "nvim-tree": "nvim-tree",
        "nvim-treesitter": "nvim-treesitter",
        "nvim-web-devicons": "nvim-web-devicons",
        "playground": "playground",
        "plenary": "plenary",
        "smart-splits": "smart-splits",
        "startup": "startup",
        "symbols-outline": "symbols-outline",
        "telescope": "telescope",
        "telescope-file-browser": "telescope-file-browser",
        "toggleterm": "toggleterm",
        "trouble": "trouble",
        "vim-tmux-navigator": "vim-tmux-navigator"
      }
    },
    "smart-splits": {
      "flake": false,
      "locked": {
        "lastModified": 1763742162,
        "narHash": "sha256-iC1rT15/qaiO+Yc+LKKCmAh5vJz8b7MS2AXsk6UgwS4=",
        "owner": "mrjones2014",
        "repo": "smart-splits.nvim",
        "rev": "ca996f2844a4c77d74912a2414af939dc76a73cc",
        "type": "github"
      },
      "original": {
        "owner": "mrjones2014",
        "repo": "smart-splits.nvim",
        "type": "github"
      }
    },
    "startup": {
      "flake": false,
      "locked": {
        "lastModified": 1730271194,
        "narHash": "sha256-AXJv5l5Y5ihvV4byNJHDLsomvNVLnyYoJgK6XFm3oT4=",
        "owner": "startup-nvim",
        "repo": "startup.nvim",
        "rev": "9ca3b9a55f2f2196ef90b39a52029b46fdde5226",
        "type": "github"
      },
      "original": {
        "owner": "startup-nvim",
        "repo": "startup.nvim",
        "type": "github"
      }
    },
    "symbols-outline": {
      "flake": false,
      "locked": {
        "lastModified": 1704259539,
        "narHash": "sha256-rX/JTsiUMBwixU/8y31HY5zjFosFDreVAPgLKNz7L8s=",
        "owner": "simrat39",
        "repo": "symbols-outline.nvim",
        "rev": "564ee65dfc9024bdde73a6621820866987cbb256",
        "type": "github"
      },
      "original": {
        "owner": "simrat39",
        "repo": "symbols-outline.nvim",
        "type": "github"
      }
    },
    "telescope": {
      "flake": false,
      "locked": {
        "lastModified": 1764063001,
        "narHash": "sha256-UEYzvjLCmJHrTn4ZEP7RM/wYiMycRVJGdxz5cCdM9Fo=",
        "owner": "nvim-telescope",
        "repo": "telescope.nvim",
        "rev": "1f8a534a320dca8d73f6de58c2e8eea4dd4ced89",
        "type": "github"
      },
      "original": {
        "owner": "nvim-telescope",
        "repo": "telescope.nvim",
        "type": "github"
      }
    },
    "telescope-file-browser": {
      "flake": false,
      "locked": {
        "lastModified": 1754424906,
        "narHash": "sha256-FlJ7w5Ywwq03E0oYdnFJFb+MMUMQMa+5QhDMy2O9tGQ=",
        "owner": "nvim-telescope",
        "repo": "telescope-file-browser.nvim",
        "rev": "3610dc7dc91f06aa98b11dca5cc30dfa98626b7e",
        "type": "github"
      },
      "original": {
        "owner": "nvim-telescope",
        "repo": "telescope-file-browser.nvim",
        "type": "github"
      }
    },
    "toggleterm": {
      "flake": false,
      "locked": {
        "lastModified": 1741512039,
        "narHash": "sha256-fytbX+L12TK45YKFU9K+iFJcDrwboKabihc2LtX29J4=",
        "owner": "akinsho",
        "repo": "toggleterm.nvim",
        "rev": "9a88eae817ef395952e08650b3283726786fb5fb",
        "type": "github"
      },
      "original": {
        "owner": "akinsho",
        "repo": "toggleterm.nvim",
        "type": "github"
      }
    },
    "trouble": {
      "flake": false,
      "locked": {
        "lastModified": 1761919011,
        "narHash": "sha256-6U/KWjvRMxWIxcsI2xNU/ltfgkaFG4E3BdzC7brK/DI=",
        "owner": "folke",
        "repo": "trouble.nvim",
        "rev": "bd67efe408d4816e25e8491cc5ad4088e708a69a",
        "type": "github"
      },
      "original": {
        "owner": "folke",
        "repo": "trouble.nvim",
        "type": "github"
      }
    },
    "vim-tmux-navigator": {
      "flake": false,
      "locked": {
        "lastModified": 1752544267,
        "narHash": "sha256-IEPnr/GdsAnHzdTjFnXCuMyoNLm3/Jz4cBAM0AJBrj8=",
        "owner": "christoomey",
        "repo": "vim-tmux-navigator",
        "rev": "c45243dc1f32ac6bcf6068e5300f3b2b237e576a",
        "type": "github"
      },
      "original": {
        "owner": "christoomey",
        "repo": "vim-tmux-navigator",
        "type": "github"
      }
    }
  },
  "root": "root",
  "version": 7
}
